// !$*UTF8*$!
{
	archiveVersion = 1;
	classes = {
	};
	objectVersion = 56;
	objects = {

/* Begin PBXBuildFile section */
		AB3406112BE32C550061BB16 /* LocationInfoView.swift in Sources */ = {isa = PBXBuildFile; fileRef = AB3406102BE32C550061BB16 /* LocationInfoView.swift */; };
		AB8BCFD12B48AE29003AE1DC /* TwoWheelsApp.swift in Sources */ = {isa = PBXBuildFile; fileRef = AB8BCFD02B48AE29003AE1DC /* TwoWheelsApp.swift */; };
		AB8BCFD52B48AE2A003AE1DC /* Assets.xcassets in Resources */ = {isa = PBXBuildFile; fileRef = AB8BCFD42B48AE2A003AE1DC /* Assets.xcassets */; };
		AB8BCFD82B48AE2A003AE1DC /* Preview Assets.xcassets in Resources */ = {isa = PBXBuildFile; fileRef = AB8BCFD72B48AE2A003AE1DC /* Preview Assets.xcassets */; };
		ABC291602B61CDF400EC1393 /* SearchableMapView.swift in Sources */ = {isa = PBXBuildFile; fileRef = ABC2915F2B61CDF400EC1393 /* SearchableMapView.swift */; };
		ABC291622B61CE7900EC1393 /* MapSheetView.swift in Sources */ = {isa = PBXBuildFile; fileRef = ABC291612B61CE7900EC1393 /* MapSheetView.swift */; };
		ABC291642B61CFCA00EC1393 /* LocationService.swift in Sources */ = {isa = PBXBuildFile; fileRef = ABC291632B61CFCA00EC1393 /* LocationService.swift */; };
		ABD94A892CA3366000ED21D3 /* Destination.swift in Sources */ = {isa = PBXBuildFile; fileRef = ABD94A882CA3366000ED21D3 /* Destination.swift */; };
		ABD94A8E2CA33ECA00ED21D3 /* DestinationsListView.swift in Sources */ = {isa = PBXBuildFile; fileRef = ABD94A8D2CA33ECA00ED21D3 /* DestinationsListView.swift */; };
/* End PBXBuildFile section */

/* Begin PBXFileReference section */
		AB3406102BE32C550061BB16 /* LocationInfoView.swift */ = {isa = PBXFileReference; lastKnownFileType = sourcecode.swift; path = LocationInfoView.swift; sourceTree = "<group>"; };
		AB8BCFCD2B48AE29003AE1DC /* TwoWheels.app */ = {isa = PBXFileReference; explicitFileType = wrapper.application; includeInIndex = 0; path = TwoWheels.app; sourceTree = BUILT_PRODUCTS_DIR; };
		AB8BCFD02B48AE29003AE1DC /* TwoWheelsApp.swift */ = {isa = PBXFileReference; lastKnownFileType = sourcecode.swift; path = TwoWheelsApp.swift; sourceTree = "<group>"; };
		AB8BCFD42B48AE2A003AE1DC /* Assets.xcassets */ = {isa = PBXFileReference; lastKnownFileType = folder.assetcatalog; path = Assets.xcassets; sourceTree = "<group>"; };
		AB8BCFD72B48AE2A003AE1DC /* Preview Assets.xcassets */ = {isa = PBXFileReference; lastKnownFileType = folder.assetcatalog; path = "Preview Assets.xcassets"; sourceTree = "<group>"; };
		ABC2915F2B61CDF400EC1393 /* SearchableMapView.swift */ = {isa = PBXFileReference; lastKnownFileType = sourcecode.swift; path = SearchableMapView.swift; sourceTree = "<group>"; };
		ABC291612B61CE7900EC1393 /* MapSheetView.swift */ = {isa = PBXFileReference; lastKnownFileType = sourcecode.swift; path = MapSheetView.swift; sourceTree = "<group>"; };
		ABC291632B61CFCA00EC1393 /* LocationService.swift */ = {isa = PBXFileReference; lastKnownFileType = sourcecode.swift; path = LocationService.swift; sourceTree = "<group>"; };
		ABD94A882CA3366000ED21D3 /* Destination.swift */ = {isa = PBXFileReference; lastKnownFileType = sourcecode.swift; path = Destination.swift; sourceTree = "<group>"; };
		ABD94A8D2CA33ECA00ED21D3 /* DestinationsListView.swift */ = {isa = PBXFileReference; lastKnownFileType = sourcecode.swift; path = DestinationsListView.swift; sourceTree = "<group>"; };
/* End PBXFileReference section */

/* Begin PBXFrameworksBuildPhase section */
		AB8BCFCA2B48AE29003AE1DC /* Frameworks */ = {
			isa = PBXFrameworksBuildPhase;
			buildActionMask = 2147483647;
			files = (
			);
			runOnlyForDeploymentPostprocessing = 0;
		};
/* End PBXFrameworksBuildPhase section */

/* Begin PBXGroup section */
		AB8BCFC42B48AE29003AE1DC = {
			isa = PBXGroup;
			children = (
				AB8BCFCF2B48AE29003AE1DC /* TwoWheels */,
				AB8BCFCE2B48AE29003AE1DC /* Products */,
			);
			sourceTree = "<group>";
		};
		AB8BCFCE2B48AE29003AE1DC /* Products */ = {
			isa = PBXGroup;
			children = (
				AB8BCFCD2B48AE29003AE1DC /* TwoWheels.app */,
			);
			name = Products;
			sourceTree = "<group>";
		};
		AB8BCFCF2B48AE29003AE1DC /* TwoWheels */ = {
			isa = PBXGroup;
			children = (
				AB8BCFD02B48AE29003AE1DC /* TwoWheelsApp.swift */,
				ABD94A862CA3362800ED21D3 /* Searchable Map */,
				ABD94A8C2CA33E9B00ED21D3 /* Destinations List View */,
				ABD94A872CA3364600ED21D3 /* Models */,
				ABD94A962CA596BD00ED21D3 /* Services */,
				AB8BCFD42B48AE2A003AE1DC /* Assets.xcassets */,
				AB8BCFD62B48AE2A003AE1DC /* Preview Content */,
			);
			path = TwoWheels;
			sourceTree = "<group>";
		};
		AB8BCFD62B48AE2A003AE1DC /* Preview Content */ = {
			isa = PBXGroup;
			children = (
				AB8BCFD72B48AE2A003AE1DC /* Preview Assets.xcassets */,
			);
			path = "Preview Content";
			sourceTree = "<group>";
		};
		ABD94A862CA3362800ED21D3 /* Searchable Map */ = {
			isa = PBXGroup;
			children = (
				ABC2915F2B61CDF400EC1393 /* SearchableMapView.swift */,
				ABC291612B61CE7900EC1393 /* MapSheetView.swift */,
				AB3406102BE32C550061BB16 /* LocationInfoView.swift */,
			);
			path = "Searchable Map";
			sourceTree = "<group>";
		};
		ABD94A872CA3364600ED21D3 /* Models */ = {
			isa = PBXGroup;
			children = (
				ABD94A882CA3366000ED21D3 /* Destination.swift */,
			);
			path = Models;
			sourceTree = "<group>";
		};
		ABD94A8C2CA33E9B00ED21D3 /* Destinations List View */ = {
			isa = PBXGroup;
			children = (
				ABD94A8D2CA33ECA00ED21D3 /* DestinationsListView.swift */,
			);
			path = "Destinations List View";
			sourceTree = "<group>";
		};
		ABD94A962CA596BD00ED21D3 /* Services */ = {
			isa = PBXGroup;
			children = (
				ABC291632B61CFCA00EC1393 /* LocationService.swift */,
			);
			path = Services;
			sourceTree = "<group>";
		};
/* End PBXGroup section */

/* Begin PBXNativeTarget section */
		AB8BCFCC2B48AE29003AE1DC /* TwoWheels */ = {
			isa = PBXNativeTarget;
			buildConfigurationList = AB8BCFDB2B48AE2A003AE1DC /* Build configuration list for PBXNativeTarget "TwoWheels" */;
			buildPhases = (
				AB8BCFC92B48AE29003AE1DC /* Sources */,
				AB8BCFCA2B48AE29003AE1DC /* Frameworks */,
				AB8BCFCB2B48AE29003AE1DC /* Resources */,
			);
			buildRules = (
			);
			dependencies = (
			);
			name = TwoWheels;
			productName = TwoWheels;
			productReference = AB8BCFCD2B48AE29003AE1DC /* TwoWheels.app */;
			productType = "com.apple.product-type.application";
		};
/* End PBXNativeTarget section */

/* Begin PBXProject section */
		AB8BCFC52B48AE29003AE1DC /* Project object */ = {
			isa = PBXProject;
			attributes = {
				BuildIndependentTargetsInParallel = 1;
				LastSwiftUpdateCheck = 1510;
				LastUpgradeCheck = 1510;
				TargetAttributes = {
					AB8BCFCC2B48AE29003AE1DC = {
						CreatedOnToolsVersion = 15.1;
					};
				};
			};
			buildConfigurationList = AB8BCFC82B48AE29003AE1DC /* Build configuration list for PBXProject "TwoWheels" */;
			compatibilityVersion = "Xcode 14.0";
			developmentRegion = en;
			hasScannedForEncodings = 0;
			knownRegions = (
				en,
				Base,
			);
			mainGroup = AB8BCFC42B48AE29003AE1DC;
			productRefGroup = AB8BCFCE2B48AE29003AE1DC /* Products */;
			projectDirPath = "";
			projectRoot = "";
			targets = (
				AB8BCFCC2B48AE29003AE1DC /* TwoWheels */,
			);
		};
/* End PBXProject section */

/* Begin PBXResourcesBuildPhase section */
		AB8BCFCB2B48AE29003AE1DC /* Resources */ = {
			isa = PBXResourcesBuildPhase;
			buildActionMask = 2147483647;
			files = (
				AB8BCFD82B48AE2A003AE1DC /* Preview Assets.xcassets in Resources */,
				AB8BCFD52B48AE2A003AE1DC /* Assets.xcassets in Resources */,
			);
			runOnlyForDeploymentPostprocessing = 0;
		};
/* End PBXResourcesBuildPhase section */

/* Begin PBXSourcesBuildPhase section */
		AB8BCFC92B48AE29003AE1DC /* Sources */ = {
			isa = PBXSourcesBuildPhase;
			buildActionMask = 2147483647;
			files = (
				ABC291602B61CDF400EC1393 /* SearchableMapView.swift in Sources */,
				AB8BCFD12B48AE29003AE1DC /* TwoWheelsApp.swift in Sources */,
				ABD94A8E2CA33ECA00ED21D3 /* DestinationsListView.swift in Sources */,
				ABD94A892CA3366000ED21D3 /* Destination.swift in Sources */,
				AB3406112BE32C550061BB16 /* LocationInfoView.swift in Sources */,
				ABC291642B61CFCA00EC1393 /* LocationService.swift in Sources */,
				ABC291622B61CE7900EC1393 /* MapSheetView.swift in Sources */,
			);
			runOnlyForDeploymentPostprocessing = 0;
		};
/* End PBXSourcesBuildPhase section */

/* Begin XCBuildConfiguration section */
		AB8BCFD92B48AE2A003AE1DC /* Debug */ = {
			isa = XCBuildConfiguration;
			buildSettings = {
				ALWAYS_SEARCH_USER_PATHS = NO;
				ASSETCATALOG_COMPILER_GENERATE_SWIFT_ASSET_SYMBOL_EXTENSIONS = YES;
				CLANG_ANALYZER_NONNULL = YES;
				CLANG_ANALYZER_NUMBER_OBJECT_CONVERSION = YES_AGGRESSIVE;
				CLANG_CXX_LANGUAGE_STANDARD = "gnu++20";
				CLANG_ENABLE_MODULES = YES;
				CLANG_ENABLE_OBJC_ARC = YES;
				CLANG_ENABLE_OBJC_WEAK = YES;
				CLANG_WARN_BLOCK_CAPTURE_AUTORELEASING = YES;
				CLANG_WARN_BOOL_CONVERSION = YES;
				CLANG_WARN_COMMA = YES;
				CLANG_WARN_CONSTANT_CONVERSION = YES;
				CLANG_WARN_DEPRECATED_OBJC_IMPLEMENTATIONS = YES;
				CLANG_WARN_DIRECT_OBJC_ISA_USAGE = YES_ERROR;
				CLANG_WARN_DOCUMENTATION_COMMENTS = YES;
				CLANG_WARN_EMPTY_BODY = YES;
				CLANG_WARN_ENUM_CONVERSION = YES;
				CLANG_WARN_INFINITE_RECURSION = YES;
				CLANG_WARN_INT_CONVERSION = YES;
				CLANG_WARN_NON_LITERAL_NULL_CONVERSION = YES;
				CLANG_WARN_OBJC_IMPLICIT_RETAIN_SELF = YES;
				CLANG_WARN_OBJC_LITERAL_CONVERSION = YES;
				CLANG_WARN_OBJC_ROOT_CLASS = YES_ERROR;
				CLANG_WARN_QUOTED_INCLUDE_IN_FRAMEWORK_HEADER = YES;
				CLANG_WARN_RANGE_LOOP_ANALYSIS = YES;
				CLANG_WARN_STRICT_PROTOTYPES = YES;
				CLANG_WARN_SUSPICIOUS_MOVE = YES;
				CLANG_WARN_UNGUARDED_AVAILABILITY = YES_AGGRESSIVE;
				CLANG_WARN_UNREACHABLE_CODE = YES;
				CLANG_WARN__DUPLICATE_METHOD_MATCH = YES;
				COPY_PHASE_STRIP = NO;
				DEBUG_INFORMATION_FORMAT = dwarf;
				ENABLE_STRICT_OBJC_MSGSEND = YES;
				ENABLE_TESTABILITY = YES;
				ENABLE_USER_SCRIPT_SANDBOXING = YES;
				GCC_C_LANGUAGE_STANDARD = gnu17;
				GCC_DYNAMIC_NO_PIC = NO;
				GCC_NO_COMMON_BLOCKS = YES;
				GCC_OPTIMIZATION_LEVEL = 0;
				GCC_PREPROCESSOR_DEFINITIONS = (
					"DEBUG=1",
					"$(inherited)",
				);
				GCC_WARN_64_TO_32_BIT_CONVERSION = YES;
				GCC_WARN_ABOUT_RETURN_TYPE = YES_ERROR;
				GCC_WARN_UNDECLARED_SELECTOR = YES;
				GCC_WARN_UNINITIALIZED_AUTOS = YES_AGGRESSIVE;
				GCC_WARN_UNUSED_FUNCTION = YES;
				GCC_WARN_UNUSED_VARIABLE = YES;
				IPHONEOS_DEPLOYMENT_TARGET = 17.2;
				LOCALIZATION_PREFERS_STRING_CATALOGS = YES;
				MTL_ENABLE_DEBUG_INFO = INCLUDE_SOURCE;
				MTL_FAST_MATH = YES;
				ONLY_ACTIVE_ARCH = YES;
				SDKROOT = iphoneos;
				SWIFT_ACTIVE_COMPILATION_CONDITIONS = "DEBUG $(inherited)";
				SWIFT_OPTIMIZATION_LEVEL = "-Onone";
			};
			name = Debug;
		};
		AB8BCFDA2B48AE2A003AE1DC /* Release */ = {
			isa = XCBuildConfiguration;
			buildSettings = {
				ALWAYS_SEARCH_USER_PATHS = NO;
				ASSETCATALOG_COMPILER_GENERATE_SWIFT_ASSET_SYMBOL_EXTENSIONS = YES;
				CLANG_ANALYZER_NONNULL = YES;
				CLANG_ANALYZER_NUMBER_OBJECT_CONVERSION = YES_AGGRESSIVE;
				CLANG_CXX_LANGUAGE_STANDARD = "gnu++20";
				CLANG_ENABLE_MODULES = YES;
				CLANG_ENABLE_OBJC_ARC = YES;
				CLANG_ENABLE_OBJC_WEAK = YES;
				CLANG_WARN_BLOCK_CAPTURE_AUTORELEASING = YES;
				CLANG_WARN_BOOL_CONVERSION = YES;
				CLANG_WARN_COMMA = YES;
				CLANG_WARN_CONSTANT_CONVERSION = YES;
				CLANG_WARN_DEPRECATED_OBJC_IMPLEMENTATIONS = YES;
				CLANG_WARN_DIRECT_OBJC_ISA_USAGE = YES_ERROR;
				CLANG_WARN_DOCUMENTATION_COMMENTS = YES;
				CLANG_WARN_EMPTY_BODY = YES;
				CLANG_WARN_ENUM_CONVERSION = YES;
				CLANG_WARN_INFINITE_RECURSION = YES;
				CLANG_WARN_INT_CONVERSION = YES;
				CLANG_WARN_NON_LITERAL_NULL_CONVERSION = YES;
				CLANG_WARN_OBJC_IMPLICIT_RETAIN_SELF = YES;
				CLANG_WARN_OBJC_LITERAL_CONVERSION = YES;
				CLANG_WARN_OBJC_ROOT_CLASS = YES_ERROR;
				CLANG_WARN_QUOTED_INCLUDE_IN_FRAMEWORK_HEADER = YES;
				CLANG_WARN_RANGE_LOOP_ANALYSIS = YES;
				CLANG_WARN_STRICT_PROTOTYPES = YES;
				CLANG_WARN_SUSPICIOUS_MOVE = YES;
				CLANG_WARN_UNGUARDED_AVAILABILITY = YES_AGGRESSIVE;
				CLANG_WARN_UNREACHABLE_CODE = YES;
				CLANG_WARN__DUPLICATE_METHOD_MATCH = YES;
				COPY_PHASE_STRIP = NO;
				DEBUG_INFORMATION_FORMAT = "dwarf-with-dsym";
				ENABLE_NS_ASSERTIONS = NO;
				ENABLE_STRICT_OBJC_MSGSEND = YES;
				ENABLE_USER_SCRIPT_SANDBOXING = YES;
				GCC_C_LANGUAGE_STANDARD = gnu17;
				GCC_NO_COMMON_BLOCKS = YES;
				GCC_WARN_64_TO_32_BIT_CONVERSION = YES;
				GCC_WARN_ABOUT_RETURN_TYPE = YES_ERROR;
				GCC_WARN_UNDECLARED_SELECTOR = YES;
				GCC_WARN_UNINITIALIZED_AUTOS = YES_AGGRESSIVE;
				GCC_WARN_UNUSED_FUNCTION = YES;
				GCC_WARN_UNUSED_VARIABLE = YES;
				IPHONEOS_DEPLOYMENT_TARGET = 17.2;
				LOCALIZATION_PREFERS_STRING_CATALOGS = YES;
				MTL_ENABLE_DEBUG_INFO = NO;
				MTL_FAST_MATH = YES;
				SDKROOT = iphoneos;
				SWIFT_COMPILATION_MODE = wholemodule;
				VALIDATE_PRODUCT = YES;
			};
			name = Release;
		};
		AB8BCFDC2B48AE2A003AE1DC /* Debug */ = {
			isa = XCBuildConfiguration;
			buildSettings = {
				ASSETCATALOG_COMPILER_APPICON_NAME = AppIcon;
				ASSETCATALOG_COMPILER_GLOBAL_ACCENT_COLOR_NAME = AccentColor;
				CODE_SIGN_STYLE = Automatic;
				CURRENT_PROJECT_VERSION = 1;
				DEVELOPMENT_ASSET_PATHS = "\"TwoWheels/Preview Content\"";
				DEVELOPMENT_TEAM = 754KAPZA8M;
				ENABLE_PREVIEWS = YES;
				GENERATE_INFOPLIST_FILE = YES;
				INFOPLIST_KEY_NSLocationAlwaysAndWhenInUseUsageDescription = "TwoWheels needs your location to display on the map and improve navigation.";
				INFOPLIST_KEY_NSLocationWhenInUseUsageDescription = "TwoWheels needs your location to display on the map and improve navigation.";
				INFOPLIST_KEY_UIApplicationSceneManifest_Generation = YES;
				INFOPLIST_KEY_UIApplicationSupportsIndirectInputEvents = YES;
				INFOPLIST_KEY_UILaunchScreen_Generation = YES;
				INFOPLIST_KEY_UISupportedInterfaceOrientations = UIInterfaceOrientationPortrait;
				INFOPLIST_KEY_UISupportedInterfaceOrientations_iPad = "UIInterfaceOrientationLandscapeLeft UIInterfaceOrientationLandscapeRight UIInterfaceOrientationPortrait UIInterfaceOrientationPortraitUpsideDown";
				LD_RUNPATH_SEARCH_PATHS = (
					"$(inherited)",
					"@executable_path/Frameworks",
				);
				MARKETING_VERSION = 0.1.4;
				PRODUCT_BUNDLE_IDENTIFIER = com.JITech.TwoWheels;
				PRODUCT_NAME = "$(TARGET_NAME)";
				SUPPORTED_PLATFORMS = "iphoneos iphonesimulator";
				SUPPORTS_MACCATALYST = NO;
				SUPPORTS_MAC_DESIGNED_FOR_IPHONE_IPAD = NO;
				SUPPORTS_XR_DESIGNED_FOR_IPHONE_IPAD = NO;
				SWIFT_EMIT_LOC_STRINGS = YES;
				SWIFT_VERSION = 5.0;
				TARGETED_DEVICE_FAMILY = 1;
			};
			name = Debug;
		};
		AB8BCFDD2B48AE2A003AE1DC /* Release */ = {
			isa = XCBuildConfiguration;
			buildSettings = {
				ASSETCATALOG_COMPILER_APPICON_NAME = AppIcon;
				ASSETCATALOG_COMPILER_GLOBAL_ACCENT_COLOR_NAME = AccentColor;
				CODE_SIGN_STYLE = Automatic;
				CURRENT_PROJECT_VERSION = 1;
				DEVELOPMENT_ASSET_PATHS = "\"TwoWheels/Preview Content\"";
				DEVELOPMENT_TEAM = 754KAPZA8M;
				ENABLE_PREVIEWS = YES;
				GENERATE_INFOPLIST_FILE = YES;
				INFOPLIST_KEY_NSLocationAlwaysAndWhenInUseUsageDescription = "TwoWheels needs your location to display on the map and improve navigation.";
				INFOPLIST_KEY_NSLocationWhenInUseUsageDescription = "TwoWheels needs your location to display on the map and improve navigation.";
				INFOPLIST_KEY_UIApplicationSceneManifest_Generation = YES;
				INFOPLIST_KEY_UIApplicationSupportsIndirectInputEvents = YES;
				INFOPLIST_KEY_UILaunchScreen_Generation = YES;
				INFOPLIST_KEY_UISupportedInterfaceOrientations = UIInterfaceOrientationPortrait;
				INFOPLIST_KEY_UISupportedInterfaceOrientations_iPad = "UIInterfaceOrientationLandscapeLeft UIInterfaceOrientationLandscapeRight UIInterfaceOrientationPortrait UIInterfaceOrientationPortraitUpsideDown";
				LD_RUNPATH_SEARCH_PATHS = (
					"$(inherited)",
					"@executable_path/Frameworks",
				);
				MARKETING_VERSION = 0.1.4;
				PRODUCT_BUNDLE_IDENTIFIER = com.JITech.TwoWheels;
				PRODUCT_NAME = "$(TARGET_NAME)";
				SUPPORTED_PLATFORMS = "iphoneos iphonesimulator";
				SUPPORTS_MACCATALYST = NO;
				SUPPORTS_MAC_DESIGNED_FOR_IPHONE_IPAD = NO;
				SUPPORTS_XR_DESIGNED_FOR_IPHONE_IPAD = NO;
				SWIFT_EMIT_LOC_STRINGS = YES;
				SWIFT_VERSION = 5.0;
				TARGETED_DEVICE_FAMILY = 1;
			};
			name = Release;
		};
/* End XCBuildConfiguration section */

/* Begin XCConfigurationList section */
		AB8BCFC82B48AE29003AE1DC /* Build configuration list for PBXProject "TwoWheels" */ = {
			isa = XCConfigurationList;
			buildConfigurations = (
				AB8BCFD92B48AE2A003AE1DC /* Debug */,
				AB8BCFDA2B48AE2A003AE1DC /* Release */,
			);
			defaultConfigurationIsVisible = 0;
			defaultConfigurationName = Release;
		};
		AB8BCFDB2B48AE2A003AE1DC /* Build configuration list for PBXNativeTarget "TwoWheels" */ = {
			isa = XCConfigurationList;
			buildConfigurations = (
				AB8BCFDC2B48AE2A003AE1DC /* Debug */,
				AB8BCFDD2B48AE2A003AE1DC /* Release */,
			);
			defaultConfigurationIsVisible = 0;
			defaultConfigurationName = Release;
		};
/* End XCConfigurationList section */
	};
	rootObject = AB8BCFC52B48AE29003AE1DC /* Project object */;
}
